
Microsoft Visual Studio Solution File, Format Version 12.00
# Visual Studio Version 16
VisualStudioVersion = 16.0.32228.343
MinimumVisualStudioVersion = 10.0.40219.1
Project("{FAE04EC0-301F-11D3-BF4B-00C04F79EFBC}") = "ProyectoParcial2", "ProyectoParcial2\ProyectoParcial2.csproj", "{591CA417-E03D-4765-B2B9-9FD24347A1F4}"
EndProject
Global
	GlobalSection(SolutionConfigurationPlatforms) = preSolution
		Debug|Any CPU = Debug|Any CPU
		Release|Any CPU = Release|Any CPU
	EndGlobalSection
	GlobalSection(ProjectConfigurationPlatforms) = postSolution
		{591CA417-E03D-4765-B2B9-9FD24347A1F4}.Debug|Any CPU.ActiveCfg = Debug|Any CPU
		{591CA417-E03D-4765-B2B9-9FD24347A1F4}.Debug|Any CPU.Build.0 = Debug|Any CPU
		{591CA417-E03D-4765-B2B9-9FD24347A1F4}.Release|Any CPU.ActiveCfg = Release|Any CPU
		{591CA417-E03D-4765-B2B9-9FD24347A1F4}.Release|Any CPU.Build.0 = Release|Any CPU
	EndGlobalSection
	GlobalSection(SolutionProperties) = preSolution
		HideSolutionNode = FALSE
	EndGlobalSection
	GlobalSection(ExtensibilityGlobals) = postSolution
		SolutionGuid = {DCCA5078-F381-4736-98AA-019C6DB99326}
	EndGlobalSection
EndGlobal
